
Microsoft Visual Studio Solution File, Format Version 12.00
# Visual Studio Version 17
VisualStudioVersion = 17.7.34221.43
MinimumVisualStudioVersion = 10.0.40219.1
Project("{9A19103F-16F7-4668-BE54-9A1E7A4F7556}") = "OOP.INTRO", "CSharp\OOP.INTRO\OOP.INTRO.csproj", "{69C7DC23-1AFB-42D0-BCB7-68AB46B50EB3}"
EndProject
Project("{2150E333-8FDC-42A3-9474-1A3956D46DE8}") = "CSharp", "CSharp", "{A7D52545-6C48-4329-8617-6C1015099676}"
EndProject
Project("{2150E333-8FDC-42A3-9474-1A3956D46DE8}") = "SQL", "SQL", "{C690CCB1-B624-4B97-AC32-A64180D3968D}"
	ProjectSection(SolutionItems) = preProject
		SqlQuery_1-25.sql = SqlQuery_1-25.sql
		SqlQuery_26-85.sql = SqlQuery_26-85.sql
		SqlQuery_86-125.sql = SqlQuery_86-125.sql
		Sql_Query_1-25.txt = Sql_Query_1-25.txt
	EndProjectSection
EndProject
Project("{2150E333-8FDC-42A3-9474-1A3956D46DE8}") = "OOP2", "OOP2", "{3FA5A81D-9CAB-479C-A0BE-E1FDD3459190}"
EndProject
Project("{2150E333-8FDC-42A3-9474-1A3956D46DE8}") = "OOP", "OOP", "{24F2D8AF-F994-4EB8-9C85-5B6A4A5EE7A2}"
EndProject
Project("{9A19103F-16F7-4668-BE54-9A1E7A4F7556}") = "Methods", "CSharp\OOP2\Methods\Methods.csproj", "{76B9E0F8-9F2B-432B-A99C-44A7AE7D46E7}"
EndProject
Project("{9A19103F-16F7-4668-BE54-9A1E7A4F7556}") = "Maths", "CSharp\OOP2\Maths\Maths.csproj", "{FB7C1419-3C7C-451F-ADC8-F5CBC91E635B}"
EndProject
Project("{FAE04EC0-301F-11D3-BF4B-00C04F79EFBC}") = "ValueAndReferenceTypes", "CSharp\OOP2\ValueAndReferenceTypes\ValueAndReferenceTypes.csproj", "{7605694A-EDB5-4369-A3E0-32CF180AF7A7}"
EndProject
Project("{FAE04EC0-301F-11D3-BF4B-00C04F79EFBC}") = "OOP1", "CSharp\OOP2\OOP1\OOP1.csproj", "{62003D98-333B-4611-AA66-6F1CE386293F}"
EndProject
Project("{FAE04EC0-301F-11D3-BF4B-00C04F79EFBC}") = "Collections", "CSharp\OOP2\Collections\Collections.csproj", "{B816D320-99FD-4ACF-86EB-410FAE2D7FF0}"
EndProject
Global
	GlobalSection(SolutionConfigurationPlatforms) = preSolution
		Debug|Any CPU = Debug|Any CPU
		Release|Any CPU = Release|Any CPU
	EndGlobalSection
	GlobalSection(ProjectConfigurationPlatforms) = postSolution
		{69C7DC23-1AFB-42D0-BCB7-68AB46B50EB3}.Debug|Any CPU.ActiveCfg = Debug|Any CPU
		{69C7DC23-1AFB-42D0-BCB7-68AB46B50EB3}.Debug|Any CPU.Build.0 = Debug|Any CPU
		{69C7DC23-1AFB-42D0-BCB7-68AB46B50EB3}.Release|Any CPU.ActiveCfg = Release|Any CPU
		{69C7DC23-1AFB-42D0-BCB7-68AB46B50EB3}.Release|Any CPU.Build.0 = Release|Any CPU
		{76B9E0F8-9F2B-432B-A99C-44A7AE7D46E7}.Debug|Any CPU.ActiveCfg = Debug|Any CPU
		{76B9E0F8-9F2B-432B-A99C-44A7AE7D46E7}.Debug|Any CPU.Build.0 = Debug|Any CPU
		{76B9E0F8-9F2B-432B-A99C-44A7AE7D46E7}.Release|Any CPU.ActiveCfg = Release|Any CPU
		{76B9E0F8-9F2B-432B-A99C-44A7AE7D46E7}.Release|Any CPU.Build.0 = Release|Any CPU
		{FB7C1419-3C7C-451F-ADC8-F5CBC91E635B}.Debug|Any CPU.ActiveCfg = Debug|Any CPU
		{FB7C1419-3C7C-451F-ADC8-F5CBC91E635B}.Debug|Any CPU.Build.0 = Debug|Any CPU
		{FB7C1419-3C7C-451F-ADC8-F5CBC91E635B}.Release|Any CPU.ActiveCfg = Release|Any CPU
		{FB7C1419-3C7C-451F-ADC8-F5CBC91E635B}.Release|Any CPU.Build.0 = Release|Any CPU
		{7605694A-EDB5-4369-A3E0-32CF180AF7A7}.Debug|Any CPU.ActiveCfg = Debug|Any CPU
		{7605694A-EDB5-4369-A3E0-32CF180AF7A7}.Debug|Any CPU.Build.0 = Debug|Any CPU
		{7605694A-EDB5-4369-A3E0-32CF180AF7A7}.Release|Any CPU.ActiveCfg = Release|Any CPU
		{7605694A-EDB5-4369-A3E0-32CF180AF7A7}.Release|Any CPU.Build.0 = Release|Any CPU
		{62003D98-333B-4611-AA66-6F1CE386293F}.Debug|Any CPU.ActiveCfg = Debug|Any CPU
		{62003D98-333B-4611-AA66-6F1CE386293F}.Debug|Any CPU.Build.0 = Debug|Any CPU
		{62003D98-333B-4611-AA66-6F1CE386293F}.Release|Any CPU.ActiveCfg = Release|Any CPU
		{62003D98-333B-4611-AA66-6F1CE386293F}.Release|Any CPU.Build.0 = Release|Any CPU
		{B816D320-99FD-4ACF-86EB-410FAE2D7FF0}.Debug|Any CPU.ActiveCfg = Debug|Any CPU
		{B816D320-99FD-4ACF-86EB-410FAE2D7FF0}.Debug|Any CPU.Build.0 = Debug|Any CPU
		{B816D320-99FD-4ACF-86EB-410FAE2D7FF0}.Release|Any CPU.ActiveCfg = Release|Any CPU
		{B816D320-99FD-4ACF-86EB-410FAE2D7FF0}.Release|Any CPU.Build.0 = Release|Any CPU
	EndGlobalSection
	GlobalSection(SolutionProperties) = preSolution
		HideSolutionNode = FALSE
	EndGlobalSection
	GlobalSection(NestedProjects) = preSolution
		{69C7DC23-1AFB-42D0-BCB7-68AB46B50EB3} = {24F2D8AF-F994-4EB8-9C85-5B6A4A5EE7A2}
		{3FA5A81D-9CAB-479C-A0BE-E1FDD3459190} = {A7D52545-6C48-4329-8617-6C1015099676}
		{24F2D8AF-F994-4EB8-9C85-5B6A4A5EE7A2} = {A7D52545-6C48-4329-8617-6C1015099676}
		{76B9E0F8-9F2B-432B-A99C-44A7AE7D46E7} = {3FA5A81D-9CAB-479C-A0BE-E1FDD3459190}
		{FB7C1419-3C7C-451F-ADC8-F5CBC91E635B} = {3FA5A81D-9CAB-479C-A0BE-E1FDD3459190}
		{7605694A-EDB5-4369-A3E0-32CF180AF7A7} = {3FA5A81D-9CAB-479C-A0BE-E1FDD3459190}
		{62003D98-333B-4611-AA66-6F1CE386293F} = {3FA5A81D-9CAB-479C-A0BE-E1FDD3459190}
		{B816D320-99FD-4ACF-86EB-410FAE2D7FF0} = {3FA5A81D-9CAB-479C-A0BE-E1FDD3459190}
	EndGlobalSection
	GlobalSection(ExtensibilityGlobals) = postSolution
		SolutionGuid = {3B12257D-EE72-4612-ABF8-99D2C771B77C}
	EndGlobalSection
EndGlobal
