
Microsoft Visual Studio Solution File, Format Version 12.00
# Visual Studio Version 17
VisualStudioVersion = 17.7.34221.43
MinimumVisualStudioVersion = 10.0.40219.1
Project("{FAE04EC0-301F-11D3-BF4B-00C04F79EFBC}") = "OOP.INTRO", "CSharp\OOP.INTRO\OOP.INTRO.csproj", "{69C7DC23-1AFB-42D0-BCB7-68AB46B50EB3}"
EndProject
Project("{FAE04EC0-301F-11D3-BF4B-00C04F79EFBC}") = "OOP2.INTRO", "CSharp\OOP2.INTRO\OOP2.INTRO.csproj", "{507322D0-94B1-4C59-B974-B17FF9F4788F}"
EndProject
Project("{2150E333-8FDC-42A3-9474-1A3956D46DE8}") = "CSharp", "CSharp", "{A7D52545-6C48-4329-8617-6C1015099676}"
EndProject
Project("{2150E333-8FDC-42A3-9474-1A3956D46DE8}") = "SQL", "SQL", "{C690CCB1-B624-4B97-AC32-A64180D3968D}"
	ProjectSection(SolutionItems) = preProject
		SqlQuery_1-25.sql = SqlQuery_1-25.sql
		SqlQuery_26-85.sql = SqlQuery_26-85.sql
		Sql_Query_1-25.txt = Sql_Query_1-25.txt
	EndProjectSection
EndProject
Global
	GlobalSection(SolutionConfigurationPlatforms) = preSolution
		Debug|Any CPU = Debug|Any CPU
		Release|Any CPU = Release|Any CPU
	EndGlobalSection
	GlobalSection(ProjectConfigurationPlatforms) = postSolution
		{69C7DC23-1AFB-42D0-BCB7-68AB46B50EB3}.Debug|Any CPU.ActiveCfg = Debug|Any CPU
		{69C7DC23-1AFB-42D0-BCB7-68AB46B50EB3}.Debug|Any CPU.Build.0 = Debug|Any CPU
		{69C7DC23-1AFB-42D0-BCB7-68AB46B50EB3}.Release|Any CPU.ActiveCfg = Release|Any CPU
		{69C7DC23-1AFB-42D0-BCB7-68AB46B50EB3}.Release|Any CPU.Build.0 = Release|Any CPU
		{507322D0-94B1-4C59-B974-B17FF9F4788F}.Debug|Any CPU.ActiveCfg = Debug|Any CPU
		{507322D0-94B1-4C59-B974-B17FF9F4788F}.Debug|Any CPU.Build.0 = Debug|Any CPU
		{507322D0-94B1-4C59-B974-B17FF9F4788F}.Release|Any CPU.ActiveCfg = Release|Any CPU
		{507322D0-94B1-4C59-B974-B17FF9F4788F}.Release|Any CPU.Build.0 = Release|Any CPU
	EndGlobalSection
	GlobalSection(SolutionProperties) = preSolution
		HideSolutionNode = FALSE
	EndGlobalSection
	GlobalSection(NestedProjects) = preSolution
		{69C7DC23-1AFB-42D0-BCB7-68AB46B50EB3} = {A7D52545-6C48-4329-8617-6C1015099676}
		{507322D0-94B1-4C59-B974-B17FF9F4788F} = {A7D52545-6C48-4329-8617-6C1015099676}
	EndGlobalSection
	GlobalSection(ExtensibilityGlobals) = postSolution
		SolutionGuid = {3B12257D-EE72-4612-ABF8-99D2C771B77C}
	EndGlobalSection
EndGlobal
